
Microsoft Visual Studio Solution File, Format Version 12.00
# Visual Studio 15
VisualStudioVersion = 15.0.28307.489
MinimumVisualStudioVersion = 10.0.40219.1
Project("{9A19103F-16F7-4668-BE54-9A1E7A4F7556}") = "AbstractFactory", "AbstractFactory\AbstractFactory.csproj", "{1D3E69BF-0E66-41BF-A4C3-1F9375FD95D5}"
EndProject
Project("{FAE04EC0-301F-11D3-BF4B-00C04F79EFBC}") = "DesignPatternsTests", "DesignPatternsTests\DesignPatternsTests.csproj", "{16EF442A-66E4-43A9-9BC1-5EABE93D1B46}"
EndProject
Global
	GlobalSection(SolutionConfigurationPlatforms) = preSolution
		Debug|Any CPU = Debug|Any CPU
		Release|Any CPU = Release|Any CPU
	EndGlobalSection
	GlobalSection(ProjectConfigurationPlatforms) = postSolution
		{1D3E69BF-0E66-41BF-A4C3-1F9375FD95D5}.Debug|Any CPU.ActiveCfg = Debug|Any CPU
		{1D3E69BF-0E66-41BF-A4C3-1F9375FD95D5}.Debug|Any CPU.Build.0 = Debug|Any CPU
		{1D3E69BF-0E66-41BF-A4C3-1F9375FD95D5}.Release|Any CPU.ActiveCfg = Release|Any CPU
		{1D3E69BF-0E66-41BF-A4C3-1F9375FD95D5}.Release|Any CPU.Build.0 = Release|Any CPU
		{16EF442A-66E4-43A9-9BC1-5EABE93D1B46}.Debug|Any CPU.ActiveCfg = Debug|Any CPU
		{16EF442A-66E4-43A9-9BC1-5EABE93D1B46}.Debug|Any CPU.Build.0 = Debug|Any CPU
		{16EF442A-66E4-43A9-9BC1-5EABE93D1B46}.Release|Any CPU.ActiveCfg = Release|Any CPU
		{16EF442A-66E4-43A9-9BC1-5EABE93D1B46}.Release|Any CPU.Build.0 = Release|Any CPU
	EndGlobalSection
	GlobalSection(SolutionProperties) = preSolution
		HideSolutionNode = FALSE
	EndGlobalSection
	GlobalSection(ExtensibilityGlobals) = postSolution
		SolutionGuid = {C702C242-E687-46E8-9DA1-9BC193541950}
	EndGlobalSection
EndGlobal
